
Microsoft Visual Studio Solution File, Format Version 12.00
# Visual Studio Version 16
VisualStudioVersion = 25.0.1705.2
MinimumVisualStudioVersion = 10.0.40219.1
Project("{FAE04EC0-301F-11D3-BF4B-00C04F79EFBC}") = "Mission12_cl464", "Mission12_cl464.csproj", "{C0A95686-FFB2-4A3E-8A40-D9A58CF1307E}"
EndProject
Global
	GlobalSection(SolutionConfigurationPlatforms) = preSolution
		Debug|Any CPU = Debug|Any CPU
		Release|Any CPU = Release|Any CPU
	EndGlobalSection
	GlobalSection(ProjectConfigurationPlatforms) = postSolution
		{C0A95686-FFB2-4A3E-8A40-D9A58CF1307E}.Debug|Any CPU.ActiveCfg = Debug|Any CPU
		{C0A95686-FFB2-4A3E-8A40-D9A58CF1307E}.Debug|Any CPU.Build.0 = Debug|Any CPU
		{C0A95686-FFB2-4A3E-8A40-D9A58CF1307E}.Release|Any CPU.ActiveCfg = Release|Any CPU
		{C0A95686-FFB2-4A3E-8A40-D9A58CF1307E}.Release|Any CPU.Build.0 = Release|Any CPU
	EndGlobalSection
	GlobalSection(SolutionProperties) = preSolution
		HideSolutionNode = FALSE
	EndGlobalSection
	GlobalSection(ExtensibilityGlobals) = postSolution
		SolutionGuid = {215D0ECD-3E15-40B0-8F62-3402514DDF52}
	EndGlobalSection
EndGlobal
